
Microsoft Visual Studio Solution File, Format Version 12.00
# Visual Studio Version 17
VisualStudioVersion = 17.7.34302.85
MinimumVisualStudioVersion = 10.0.40219.1
Project("{FAE04EC0-301F-11D3-BF4B-00C04F79EFBC}") = "WebApplication1", "WebApplication1\WebApplication1.csproj", "{FD97F943-DABD-4808-8904-9A9BE037E857}"
EndProject
Global
	GlobalSection(SolutionConfigurationPlatforms) = preSolution
		Debug|Any CPU = Debug|Any CPU
		Release|Any CPU = Release|Any CPU
	EndGlobalSection
	GlobalSection(ProjectConfigurationPlatforms) = postSolution
		{FD97F943-DABD-4808-8904-9A9BE037E857}.Debug|Any CPU.ActiveCfg = Debug|Any CPU
		{FD97F943-DABD-4808-8904-9A9BE037E857}.Debug|Any CPU.Build.0 = Debug|Any CPU
		{FD97F943-DABD-4808-8904-9A9BE037E857}.Release|Any CPU.ActiveCfg = Release|Any CPU
		{FD97F943-DABD-4808-8904-9A9BE037E857}.Release|Any CPU.Build.0 = Release|Any CPU
	EndGlobalSection
	GlobalSection(SolutionProperties) = preSolution
		HideSolutionNode = FALSE
	EndGlobalSection
	GlobalSection(ExtensibilityGlobals) = postSolution
		SolutionGuid = {E447CBDE-D690-4C27-9496-1BBF2B0B2A30}
	EndGlobalSection
EndGlobal
